
Microsoft Visual Studio Solution File, Format Version 12.00
# Visual Studio Version 17
VisualStudioVersion = 17.9.34701.34
MinimumVisualStudioVersion = 10.0.40219.1
Project("{9A19103F-16F7-4668-BE54-9A1E7A4F7556}") = "RadfordHr", "RadfordHr\RadfordHr.csproj", "{2A317D4D-A20B-4452-84E4-96312C0CC8C1}"
EndProject
Project("{9A19103F-16F7-4668-BE54-9A1E7A4F7556}") = "RadfordHr_Controller", "RadfordHr_Controller\RadfordHr_Controller.csproj", "{B33D0FEA-E7DB-4BF3-A731-7D807C1E89D9}"
EndProject
Project("{9A19103F-16F7-4668-BE54-9A1E7A4F7556}") = "RadfordHr_Model", "RadfordHr_Model\RadfordHr_Model.csproj", "{901394D1-3438-4BC1-A747-81724AA8BC76}"
EndProject
Project("{FAE04EC0-301F-11D3-BF4B-00C04F79EFBC}") = "Radford_DataService", "Radford_DataService\Radford_DataService.csproj", "{FAF00BC6-AB9C-4F18-88CA-40111C4BFF51}"
EndProject
Global
	GlobalSection(SolutionConfigurationPlatforms) = preSolution
		Debug|Any CPU = Debug|Any CPU
		Release|Any CPU = Release|Any CPU
	EndGlobalSection
	GlobalSection(ProjectConfigurationPlatforms) = postSolution
		{2A317D4D-A20B-4452-84E4-96312C0CC8C1}.Debug|Any CPU.ActiveCfg = Debug|Any CPU
		{2A317D4D-A20B-4452-84E4-96312C0CC8C1}.Debug|Any CPU.Build.0 = Debug|Any CPU
		{2A317D4D-A20B-4452-84E4-96312C0CC8C1}.Release|Any CPU.ActiveCfg = Release|Any CPU
		{2A317D4D-A20B-4452-84E4-96312C0CC8C1}.Release|Any CPU.Build.0 = Release|Any CPU
		{B33D0FEA-E7DB-4BF3-A731-7D807C1E89D9}.Debug|Any CPU.ActiveCfg = Debug|Any CPU
		{B33D0FEA-E7DB-4BF3-A731-7D807C1E89D9}.Debug|Any CPU.Build.0 = Debug|Any CPU
		{B33D0FEA-E7DB-4BF3-A731-7D807C1E89D9}.Release|Any CPU.ActiveCfg = Release|Any CPU
		{B33D0FEA-E7DB-4BF3-A731-7D807C1E89D9}.Release|Any CPU.Build.0 = Release|Any CPU
		{901394D1-3438-4BC1-A747-81724AA8BC76}.Debug|Any CPU.ActiveCfg = Debug|Any CPU
		{901394D1-3438-4BC1-A747-81724AA8BC76}.Debug|Any CPU.Build.0 = Debug|Any CPU
		{901394D1-3438-4BC1-A747-81724AA8BC76}.Release|Any CPU.ActiveCfg = Release|Any CPU
		{901394D1-3438-4BC1-A747-81724AA8BC76}.Release|Any CPU.Build.0 = Release|Any CPU
		{FAF00BC6-AB9C-4F18-88CA-40111C4BFF51}.Debug|Any CPU.ActiveCfg = Debug|Any CPU
		{FAF00BC6-AB9C-4F18-88CA-40111C4BFF51}.Debug|Any CPU.Build.0 = Debug|Any CPU
		{FAF00BC6-AB9C-4F18-88CA-40111C4BFF51}.Release|Any CPU.ActiveCfg = Release|Any CPU
		{FAF00BC6-AB9C-4F18-88CA-40111C4BFF51}.Release|Any CPU.Build.0 = Release|Any CPU
	EndGlobalSection
	GlobalSection(SolutionProperties) = preSolution
		HideSolutionNode = FALSE
	EndGlobalSection
	GlobalSection(ExtensibilityGlobals) = postSolution
		SolutionGuid = {E08DF116-94C4-4651-AB45-8415F5BF259F}
	EndGlobalSection
EndGlobal
